
Microsoft Visual Studio Solution File, Format Version 12.00
Project("{FAE04EC0-301F-11D3-BF4B-00C04F79EFBC}") = "WebApplication", "WebApplication\WebApplication.csproj", "{AE3F3117-BD43-4C49-A4C1-DEAEDBEFB5DD}"
EndProject
Project("{FAE04EC0-301F-11D3-BF4B-00C04F79EFBC}") = "TestProject1", "TestProject1\TestProject1.csproj", "{68B8E91C-B4C2-4C03-9996-9625D9F14DAE}"
EndProject
Global
	GlobalSection(SolutionConfigurationPlatforms) = preSolution
		Debug|Any CPU = Debug|Any CPU
		Release|Any CPU = Release|Any CPU
	EndGlobalSection
	GlobalSection(ProjectConfigurationPlatforms) = postSolution
		{AE3F3117-BD43-4C49-A4C1-DEAEDBEFB5DD}.Debug|Any CPU.ActiveCfg = Debug|Any CPU
		{AE3F3117-BD43-4C49-A4C1-DEAEDBEFB5DD}.Debug|Any CPU.Build.0 = Debug|Any CPU
		{AE3F3117-BD43-4C49-A4C1-DEAEDBEFB5DD}.Release|Any CPU.ActiveCfg = Release|Any CPU
		{AE3F3117-BD43-4C49-A4C1-DEAEDBEFB5DD}.Release|Any CPU.Build.0 = Release|Any CPU
		{68B8E91C-B4C2-4C03-9996-9625D9F14DAE}.Debug|Any CPU.ActiveCfg = Debug|Any CPU
		{68B8E91C-B4C2-4C03-9996-9625D9F14DAE}.Debug|Any CPU.Build.0 = Debug|Any CPU
		{68B8E91C-B4C2-4C03-9996-9625D9F14DAE}.Release|Any CPU.ActiveCfg = Release|Any CPU
		{68B8E91C-B4C2-4C03-9996-9625D9F14DAE}.Release|Any CPU.Build.0 = Release|Any CPU
	EndGlobalSection
EndGlobal
